{
  "version": 4,
  "terraform_version": "1.3.6",
  "serial": 99,
  "lineage": "0309da43-8bd4-51af-7a00-43a69e4ffc9c",
  "outputs": {},
  "resources": [
    {
      "mode": "data",
      "type": "vcd_network_routed",
      "name": "net",
      "provider": "provider[\"registry.terraform.io/vmware/vcd\"]",
      "instances": [
        {
          "schema_version": 0,
          "attributes": {
            "description": "",
            "dhcp_pool": [
              {
                "default_lease_time": 2147483647,
                "end_address": "192.168.0.50",
                "max_lease_time": 2147483647,
                "start_address": "192.168.0.10"
              }
            ],
            "dns1": "37.148.170.254",
            "dns2": "8.8.8.8",
            "dns_suffix": "",
            "edge_gateway": "UVGR_UVGR12_eg01",
            "filter": null,
            "gateway": "192.168.0.1",
            "href": "https://vcd01.proact.lv/api/network/38bc3bea-ad74-499b-a288-7442839e1612",
            "id": "urn:vcloud:network:38bc3bea-ad74-499b-a288-7442839e1612",
            "interface_type": null,
            "metadata": {},
            "name": "net_UVGR_UVGR12_IR01",
            "netmask": "255.255.255.0",
            "org": "UVGR_UVGR12",
            "shared": false,
            "static_ip_pool": [],
            "vdc": "vdc_UVGR_UVGR12_01"
          },
          "sensitive_attributes": []
        }
      ]
    },
    {
      "mode": "managed",
      "type": "vcd_vapp",
      "name": "jumphost",
      "provider": "provider[\"registry.terraform.io/vmware/vcd\"]",
      "instances": [
        {
          "schema_version": 0,
          "attributes": {
            "description": "",
            "guest_properties": null,
            "href": "https://vcd01.proact.lv/api/vApp/vapp-608c938f-bf68-4e83-9192-cdefbd63e037",
            "id": "urn:vcloud:vapp:608c938f-bf68-4e83-9192-cdefbd63e037",
            "lease": [
              {
                "runtime_lease_in_sec": 0,
                "storage_lease_in_sec": 0
              }
            ],
            "metadata": null,
            "name": "jumphost",
            "org": null,
            "power_on": false,
            "status": 1,
            "status_text": "RESOLVED",
            "vdc": null
          },
          "sensitive_attributes": [],
          "private": "bnVsbA=="
        }
      ]
    },
    {
      "mode": "managed",
      "type": "vcd_vapp_org_network",
      "name": "vappOrgNet",
      "provider": "provider[\"registry.terraform.io/vmware/vcd\"]",
      "instances": [
        {
          "schema_version": 0,
          "attributes": {
            "id": "urn:vcloud:network:bedd05c2-cb79-4ea2-84ab-bb9386dd682d",
            "is_fenced": false,
            "org": "UVGR_UVGR12",
            "org_network_name": "net_UVGR_UVGR12_IR01",
            "retain_ip_mac_enabled": false,
            "vapp_name": "jumphost",
            "vdc": "vdc_UVGR_UVGR12_01"
          },
          "sensitive_attributes": [],
          "private": "bnVsbA==",
          "dependencies": [
            "vcd_vapp.jumphost"
          ]
        }
      ]
    },
    {
      "mode": "managed",
      "type": "vcd_vapp_vm",
      "name": "jumphost",
      "provider": "provider[\"registry.terraform.io/vmware/vcd\"]",
      "instances": [
        {
          "schema_version": 0,
          "attributes": {
            "accept_all_eulas": true,
            "boot_image": null,
            "catalog_name": "My Catalog",
            "computer_name": "jumphost01",
            "cpu_cores": 1,
            "cpu_hot_add_enabled": false,
            "cpu_limit": null,
            "cpu_priority": "",
            "cpu_reservation": null,
            "cpu_shares": null,
            "cpus": 2,
            "customization": [
              {
                "admin_password": "",
                "allow_local_admin_password": true,
                "auto_generate_password": true,
                "change_sid": false,
                "enabled": false,
                "force": false,
                "initscript": "",
                "join_domain": false,
                "join_domain_account_ou": "",
                "join_domain_name": "",
                "join_domain_password": "",
                "join_domain_user": "",
                "join_org_domain": false,
                "must_change_password_on_first_login": false,
                "number_of_auto_logons": 0
              }
            ],
            "description": "template",
            "disk": [],
            "expose_hardware_virtualization": false,
            "guest_properties": null,
            "hardware_version": "vmx-13",
            "href": "https://vcd01.proact.lv/api/vApp/vm-932fca33-a63e-4b69-b5fc-8581414cc29f",
            "id": "urn:vcloud:vm:932fca33-a63e-4b69-b5fc-8581414cc29f",
            "internal_disk": [
              {
                "bus_number": 0,
                "bus_type": "parallel",
                "disk_id": "2000",
                "iops": 0,
                "size_in_mb": 35840,
                "storage_profile": "Prod_vSAN_AllFlash_Low",
                "thin_provisioned": true,
                "unit_number": 0
              }
            ],
            "memory": 4096,
            "memory_hot_add_enabled": false,
            "memory_limit": null,
            "memory_priority": "",
            "memory_reservation": null,
            "memory_shares": null,
            "metadata": null,
            "name": "jumphost01",
            "network": [
              {
                "adapter_type": "VMXNET3",
                "connected": true,
                "ip": "192.168.0.33",
                "ip_allocation_mode": "DHCP",
                "is_primary": true,
                "mac": "00:50:56:01:06:4d",
                "name": "net_UVGR_UVGR12_IR01",
                "type": "org"
              }
            ],
            "network_dhcp_wait_seconds": 300,
            "org": null,
            "os_type": "ubuntu64Guest",
            "override_template_disk": [],
            "power_on": true,
            "prevent_update_power_off": false,
            "sizing_policy_id": "urn:vcloud:vdcComputePolicy:6ff2c9ea-b3d7-40d2-a261-296f635d4d17",
            "storage_profile": "Prod_vSAN_AllFlash_Low",
            "template_name": "ubuntu-golden-image",
            "vapp_name": "jumphost",
            "vdc": null,
            "vm_name_in_template": null,
            "vm_type": "vcd_vapp_vm"
          },
          "sensitive_attributes": [],
          "private": "bnVsbA==",
          "dependencies": [
            "data.vcd_network_routed.net",
            "vcd_vapp.jumphost"
          ]
        }
      ]
    }
  ],
  "check_results": null
}
