{
  "version": 4,
  "terraform_version": "1.3.6",
  "serial": 12,
  "lineage": "0143402c-15d9-7959-8aaf-e98a3e16ff20",
  "outputs": {},
  "resources": [
    {
      "mode": "managed",
      "type": "dns_a_record_set",
      "name": "home",
      "provider": "provider[\"registry.terraform.io/hashicorp/dns\"]",
      "instances": [
        {
          "index_key": "laptop",
          "schema_version": 0,
          "attributes": {
            "addresses": [
              "192.168.0.203"
            ],
            "id": "laptop.kubectl.local.",
            "name": "laptop",
            "ttl": 3600,
            "zone": "kubectl.local."
          },
          "sensitive_attributes": [],
          "private": "bnVsbA=="
        },
        {
          "index_key": "proxmox",
          "schema_version": 0,
          "attributes": {
            "addresses": [
              "192.168.0.201"
            ],
            "id": "proxmox.kubectl.local.",
            "name": "proxmox",
            "ttl": 3600,
            "zone": "kubectl.local."
          },
          "sensitive_attributes": [],
          "private": "bnVsbA=="
        },
        {
          "index_key": "router",
          "schema_version": 0,
          "attributes": {
            "addresses": [
              "192.168.0.200"
            ],
            "id": "router.kubectl.local.",
            "name": "router",
            "ttl": 3600,
            "zone": "kubectl.local."
          },
          "sensitive_attributes": [],
          "private": "bnVsbA=="
        }
      ]
    }
  ],
  "check_results": null
}
